
Microsoft Visual Studio Solution File, Format Version 12.00
# Visual Studio Version 17
VisualStudioVersion = 17.6.33712.159
MinimumVisualStudioVersion = 10.0.40219.1
Project("{FAE04EC0-301F-11D3-BF4B-00C04F79EFBC}") = "InsertionSortWithVisualizer", "InsertionSortWithVisualizer\InsertionSortWithVisualizer.csproj", "{D50456C5-D3BE-4E9A-9DBD-257D0A0C87E1}"
EndProject
Global
	GlobalSection(SolutionConfigurationPlatforms) = preSolution
		Debug|Any CPU = Debug|Any CPU
		Release|Any CPU = Release|Any CPU
	EndGlobalSection
	GlobalSection(ProjectConfigurationPlatforms) = postSolution
		{D50456C5-D3BE-4E9A-9DBD-257D0A0C87E1}.Debug|Any CPU.ActiveCfg = Debug|Any CPU
		{D50456C5-D3BE-4E9A-9DBD-257D0A0C87E1}.Debug|Any CPU.Build.0 = Debug|Any CPU
		{D50456C5-D3BE-4E9A-9DBD-257D0A0C87E1}.Release|Any CPU.ActiveCfg = Release|Any CPU
		{D50456C5-D3BE-4E9A-9DBD-257D0A0C87E1}.Release|Any CPU.Build.0 = Release|Any CPU
	EndGlobalSection
	GlobalSection(SolutionProperties) = preSolution
		HideSolutionNode = FALSE
	EndGlobalSection
	GlobalSection(ExtensibilityGlobals) = postSolution
		SolutionGuid = {72427F39-0E7A-45B6-9CAF-D36F32C8FF38}
	EndGlobalSection
EndGlobal
